<Solution>
  <Project Path="HeartBeatProject.Shared/HeartBeatProject.Shared.csproj" />
  <Project Path="HeartBeatProject.Client/HeartBeatProject.Client.csproj" />
  <Project Path="HeartBeatProject.Server/HeartBeatProject.Server.csproj" />
  <Project Path="HeartBeatProject.Tx/HeartBeatProject.Tx.csproj" />
  <Project Path="HeartBeatProject.Rx/HeartBeatProject.Rx.csproj" />
</Solution>
